<?xml version="1.0" encoding="UTF-8" standalone="yes" ?>
<CodeBlocks_project_file>
	<FileVersion major="1" minor="6" />
	<Project>
		<Option title="Function Grapher" />
		<Option pch_mode="2" />
		<Option compiler="gcc" />
		<Build>
			<Target title="Debug">
				<Option output="bin/Debug/Function Grapher" prefix_auto="1" extension_auto="1" />
				<Option object_output="obj/Debug/" />
				<Option type="1" />
				<Option compiler="gcc" />
				<Option use_console_runner="0" />
				<Compiler>
					<Add option="-std=c++11" />
					<Add option="-g" />
					<Add directory="include" />
				</Compiler>
				<Linker>
					<Add library="./WINMM.LIB" />
				</Linker>
			</Target>
			<Target title="Release">
				<Option output="bin/Release/Function Grapher" prefix_auto="1" extension_auto="1" />
				<Option object_output="obj/Release/" />
				<Option type="1" />
				<Option compiler="gcc" />
				<Compiler>
					<Add option="-O2" />
					<Add option="-std=c++11" />
					<Add directory="include" />
				</Compiler>
				<Linker>
					<Add option="-s" />
					<Add library="./WINMM.LIB" />
				</Linker>
			</Target>
		</Build>
		<Compiler>
			<Add option="-Wall" />
			<Add option="-std=c++11" />
			<Add option="-fexceptions" />
		</Compiler>
		<Linker>
			<Add library="./WINMM.LIB" />
		</Linker>
		<Unit filename="icon.rc">
			<Option compilerVar="WINDRES" />
		</Unit>
		<Unit filename="include/InputBoxes.h" />
		<Unit filename="include/InputManager.h" />
		<Unit filename="include/Meniuri.h" />
		<Unit filename="lib/binaryTree.h" />
		<Unit filename="lib/converters.h" />
		<Unit filename="lib/dataConversions.cpp" />
		<Unit filename="lib/dataConversions.h" />
		<Unit filename="lib/mainGraph.h" />
		<Unit filename="lib/mainLib.h" />
		<Unit filename="lib/mathConditions.h" />
		<Unit filename="lib/mathFunctions.h" />
		<Unit filename="lib/scaleAndStep.cpp" />
		<Unit filename="lib/scaleAndStep.h" />
		<Unit filename="lib/stack.h" />
		<Unit filename="lib/variable.h" />
		<Unit filename="main.cpp" />
		<Extensions>
			<code_completion />
			<envvars />
			<debugger />
			<lib_finder disable_auto="1" />
		</Extensions>
	</Project>
</CodeBlocks_project_file>
